
Microsoft Visual Studio Solution File, Format Version 12.00
# Visual Studio Version 16
VisualStudioVersion = 16.0.29209.62
MinimumVisualStudioVersion = 10.0.40219.1
Project("{F2A71F9B-5D33-465A-A702-920D77279786}") = "portfolio", "portfolio.fsproj", "{5FCA6113-34B6-4467-94DE-B0BC86A4B70E}"
EndProject
Global
	GlobalSection(SolutionConfigurationPlatforms) = preSolution
		Debug|Any CPU = Debug|Any CPU
		Release|Any CPU = Release|Any CPU
	EndGlobalSection
	GlobalSection(ProjectConfigurationPlatforms) = postSolution
		{5FCA6113-34B6-4467-94DE-B0BC86A4B70E}.Debug|Any CPU.ActiveCfg = Debug|Any CPU
		{5FCA6113-34B6-4467-94DE-B0BC86A4B70E}.Debug|Any CPU.Build.0 = Debug|Any CPU
		{5FCA6113-34B6-4467-94DE-B0BC86A4B70E}.Release|Any CPU.ActiveCfg = Release|Any CPU
		{5FCA6113-34B6-4467-94DE-B0BC86A4B70E}.Release|Any CPU.Build.0 = Release|Any CPU
	EndGlobalSection
	GlobalSection(SolutionProperties) = preSolution
		HideSolutionNode = FALSE
	EndGlobalSection
	GlobalSection(ExtensibilityGlobals) = postSolution
		SolutionGuid = {13BC4BCB-F4E4-406A-83B7-26E2DD63924D}
	EndGlobalSection
EndGlobal
